// !$*UTF8*$!
{
	archiveVersion = 1;
	classes = {
	};
	objectVersion = 55;
	objects = {

/* Begin PBXBuildFile section */
		23EFF2BD28B1D8F900924F2D /* gorevTakipApp.swift in Sources */ = {isa = PBXBuildFile; fileRef = 23EFF2BC28B1D8F900924F2D /* gorevTakipApp.swift */; };
		23EFF2BF28B1D8F900924F2D /* ContentView.swift in Sources */ = {isa = PBXBuildFile; fileRef = 23EFF2BE28B1D8F900924F2D /* ContentView.swift */; };
		23EFF2C128B1D8FA00924F2D /* Assets.xcassets in Resources */ = {isa = PBXBuildFile; fileRef = 23EFF2C028B1D8FA00924F2D /* Assets.xcassets */; };
		23EFF2C428B1D8FA00924F2D /* Preview Assets.xcassets in Resources */ = {isa = PBXBuildFile; fileRef = 23EFF2C328B1D8FA00924F2D /* Preview Assets.xcassets */; };
		23EFF2C628B1D8FA00924F2D /* Persistence.swift in Sources */ = {isa = PBXBuildFile; fileRef = 23EFF2C528B1D8FA00924F2D /* Persistence.swift */; };
		23EFF2C928B1D8FA00924F2D /* gorevTakip.xcdatamodeld in Sources */ = {isa = PBXBuildFile; fileRef = 23EFF2C728B1D8FA00924F2D /* gorevTakip.xcdatamodeld */; };
		23EFF2D228B1D94300924F2D /* Home.swift in Sources */ = {isa = PBXBuildFile; fileRef = 23EFF2D128B1D94300924F2D /* Home.swift */; };
		23EFF2D428B1DEAF00924F2D /* TaskViewModel.swift in Sources */ = {isa = PBXBuildFile; fileRef = 23EFF2D328B1DEAF00924F2D /* TaskViewModel.swift */; };
/* End PBXBuildFile section */

/* Begin PBXFileReference section */
		23EFF2B928B1D8F900924F2D /* gorevTakip.app */ = {isa = PBXFileReference; explicitFileType = wrapper.application; includeInIndex = 0; path = gorevTakip.app; sourceTree = BUILT_PRODUCTS_DIR; };
		23EFF2BC28B1D8F900924F2D /* gorevTakipApp.swift */ = {isa = PBXFileReference; lastKnownFileType = sourcecode.swift; path = gorevTakipApp.swift; sourceTree = "<group>"; };
		23EFF2BE28B1D8F900924F2D /* ContentView.swift */ = {isa = PBXFileReference; lastKnownFileType = sourcecode.swift; path = ContentView.swift; sourceTree = "<group>"; };
		23EFF2C028B1D8FA00924F2D /* Assets.xcassets */ = {isa = PBXFileReference; lastKnownFileType = folder.assetcatalog; path = Assets.xcassets; sourceTree = "<group>"; };
		23EFF2C328B1D8FA00924F2D /* Preview Assets.xcassets */ = {isa = PBXFileReference; lastKnownFileType = folder.assetcatalog; path = "Preview Assets.xcassets"; sourceTree = "<group>"; };
		23EFF2C528B1D8FA00924F2D /* Persistence.swift */ = {isa = PBXFileReference; lastKnownFileType = sourcecode.swift; path = Persistence.swift; sourceTree = "<group>"; };
		23EFF2C828B1D8FA00924F2D /* gorevTakip.xcdatamodel */ = {isa = PBXFileReference; lastKnownFileType = wrapper.xcdatamodel; path = gorevTakip.xcdatamodel; sourceTree = "<group>"; };
		23EFF2D128B1D94300924F2D /* Home.swift */ = {isa = PBXFileReference; lastKnownFileType = sourcecode.swift; path = Home.swift; sourceTree = "<group>"; };
		23EFF2D328B1DEAF00924F2D /* TaskViewModel.swift */ = {isa = PBXFileReference; lastKnownFileType = sourcecode.swift; path = TaskViewModel.swift; sourceTree = "<group>"; };
/* End PBXFileReference section */

/* Begin PBXFrameworksBuildPhase section */
		23EFF2B628B1D8F900924F2D /* Frameworks */ = {
			isa = PBXFrameworksBuildPhase;
			buildActionMask = 2147483647;
			files = (
			);
			runOnlyForDeploymentPostprocessing = 0;
		};
/* End PBXFrameworksBuildPhase section */

/* Begin PBXGroup section */
		23EFF2B028B1D8F900924F2D = {
			isa = PBXGroup;
			children = (
				23EFF2BB28B1D8F900924F2D /* gorevTakip */,
				23EFF2BA28B1D8F900924F2D /* Products */,
			);
			sourceTree = "<group>";
		};
		23EFF2BA28B1D8F900924F2D /* Products */ = {
			isa = PBXGroup;
			children = (
				23EFF2B928B1D8F900924F2D /* gorevTakip.app */,
			);
			name = Products;
			sourceTree = "<group>";
		};
		23EFF2BB28B1D8F900924F2D /* gorevTakip */ = {
			isa = PBXGroup;
			children = (
				23EFF2BE28B1D8F900924F2D /* ContentView.swift */,
				23EFF2BC28B1D8F900924F2D /* gorevTakipApp.swift */,
				23EFF2D028B1D92600924F2D /* View Model */,
				23EFF2CF28B1D91F00924F2D /* View */,
				23EFF2C028B1D8FA00924F2D /* Assets.xcassets */,
				23EFF2C528B1D8FA00924F2D /* Persistence.swift */,
				23EFF2C728B1D8FA00924F2D /* gorevTakip.xcdatamodeld */,
				23EFF2C228B1D8FA00924F2D /* Preview Content */,
			);
			path = gorevTakip;
			sourceTree = "<group>";
		};
		23EFF2C228B1D8FA00924F2D /* Preview Content */ = {
			isa = PBXGroup;
			children = (
				23EFF2C328B1D8FA00924F2D /* Preview Assets.xcassets */,
			);
			path = "Preview Content";
			sourceTree = "<group>";
		};
		23EFF2CF28B1D91F00924F2D /* View */ = {
			isa = PBXGroup;
			children = (
				23EFF2D128B1D94300924F2D /* Home.swift */,
			);
			path = View;
			sourceTree = "<group>";
		};
		23EFF2D028B1D92600924F2D /* View Model */ = {
			isa = PBXGroup;
			children = (
				23EFF2D328B1DEAF00924F2D /* TaskViewModel.swift */,
			);
			path = "View Model";
			sourceTree = "<group>";
		};
/* End PBXGroup section */

/* Begin PBXNativeTarget section */
		23EFF2B828B1D8F900924F2D /* gorevTakip */ = {
			isa = PBXNativeTarget;
			buildConfigurationList = 23EFF2CC28B1D8FA00924F2D /* Build configuration list for PBXNativeTarget "gorevTakip" */;
			buildPhases = (
				23EFF2B528B1D8F900924F2D /* Sources */,
				23EFF2B628B1D8F900924F2D /* Frameworks */,
				23EFF2B728B1D8F900924F2D /* Resources */,
			);
			buildRules = (
			);
			dependencies = (
			);
			name = gorevTakip;
			productName = gorevTakip;
			productReference = 23EFF2B928B1D8F900924F2D /* gorevTakip.app */;
			productType = "com.apple.product-type.application";
		};
/* End PBXNativeTarget section */

/* Begin PBXProject section */
		23EFF2B128B1D8F900924F2D /* Project object */ = {
			isa = PBXProject;
			attributes = {
				BuildIndependentTargetsInParallel = 1;
				LastSwiftUpdateCheck = 1340;
				LastUpgradeCheck = 1340;
				TargetAttributes = {
					23EFF2B828B1D8F900924F2D = {
						CreatedOnToolsVersion = 13.4.1;
					};
				};
			};
			buildConfigurationList = 23EFF2B428B1D8F900924F2D /* Build configuration list for PBXProject "gorevTakip" */;
			compatibilityVersion = "Xcode 13.0";
			developmentRegion = en;
			hasScannedForEncodings = 0;
			knownRegions = (
				en,
				Base,
			);
			mainGroup = 23EFF2B028B1D8F900924F2D;
			productRefGroup = 23EFF2BA28B1D8F900924F2D /* Products */;
			projectDirPath = "";
			projectRoot = "";
			targets = (
				23EFF2B828B1D8F900924F2D /* gorevTakip */,
			);
		};
/* End PBXProject section */

/* Begin PBXResourcesBuildPhase section */
		23EFF2B728B1D8F900924F2D /* Resources */ = {
			isa = PBXResourcesBuildPhase;
			buildActionMask = 2147483647;
			files = (
				23EFF2C428B1D8FA00924F2D /* Preview Assets.xcassets in Resources */,
				23EFF2C128B1D8FA00924F2D /* Assets.xcassets in Resources */,
			);
			runOnlyForDeploymentPostprocessing = 0;
		};
/* End PBXResourcesBuildPhase section */

/* Begin PBXSourcesBuildPhase section */
		23EFF2B528B1D8F900924F2D /* Sources */ = {
			isa = PBXSourcesBuildPhase;
			buildActionMask = 2147483647;
			files = (
				23EFF2C628B1D8FA00924F2D /* Persistence.swift in Sources */,
				23EFF2D428B1DEAF00924F2D /* TaskViewModel.swift in Sources */,
				23EFF2BF28B1D8F900924F2D /* ContentView.swift in Sources */,
				23EFF2D228B1D94300924F2D /* Home.swift in Sources */,
				23EFF2BD28B1D8F900924F2D /* gorevTakipApp.swift in Sources */,
				23EFF2C928B1D8FA00924F2D /* gorevTakip.xcdatamodeld in Sources */,
			);
			runOnlyForDeploymentPostprocessing = 0;
		};
/* End PBXSourcesBuildPhase section */

/* Begin XCBuildConfiguration section */
		23EFF2CA28B1D8FA00924F2D /* Debug */ = {
			isa = XCBuildConfiguration;
			buildSettings = {
				ALWAYS_SEARCH_USER_PATHS = NO;
				CLANG_ANALYZER_NONNULL = YES;
				CLANG_ANALYZER_NUMBER_OBJECT_CONVERSION = YES_AGGRESSIVE;
				CLANG_CXX_LANGUAGE_STANDARD = "gnu++17";
				CLANG_ENABLE_MODULES = YES;
				CLANG_ENABLE_OBJC_ARC = YES;
				CLANG_ENABLE_OBJC_WEAK = YES;
				CLANG_WARN_BLOCK_CAPTURE_AUTORELEASING = YES;
				CLANG_WARN_BOOL_CONVERSION = YES;
				CLANG_WARN_COMMA = YES;
				CLANG_WARN_CONSTANT_CONVERSION = YES;
				CLANG_WARN_DEPRECATED_OBJC_IMPLEMENTATIONS = YES;
				CLANG_WARN_DIRECT_OBJC_ISA_USAGE = YES_ERROR;
				CLANG_WARN_DOCUMENTATION_COMMENTS = YES;
				CLANG_WARN_EMPTY_BODY = YES;
				CLANG_WARN_ENUM_CONVERSION = YES;
				CLANG_WARN_INFINITE_RECURSION = YES;
				CLANG_WARN_INT_CONVERSION = YES;
				CLANG_WARN_NON_LITERAL_NULL_CONVERSION = YES;
				CLANG_WARN_OBJC_IMPLICIT_RETAIN_SELF = YES;
				CLANG_WARN_OBJC_LITERAL_CONVERSION = YES;
				CLANG_WARN_OBJC_ROOT_CLASS = YES_ERROR;
				CLANG_WARN_QUOTED_INCLUDE_IN_FRAMEWORK_HEADER = YES;
				CLANG_WARN_RANGE_LOOP_ANALYSIS = YES;
				CLANG_WARN_STRICT_PROTOTYPES = YES;
				CLANG_WARN_SUSPICIOUS_MOVE = YES;
				CLANG_WARN_UNGUARDED_AVAILABILITY = YES_AGGRESSIVE;
				CLANG_WARN_UNREACHABLE_CODE = YES;
				CLANG_WARN__DUPLICATE_METHOD_MATCH = YES;
				COPY_PHASE_STRIP = NO;
				DEBUG_INFORMATION_FORMAT = dwarf;
				ENABLE_STRICT_OBJC_MSGSEND = YES;
				ENABLE_TESTABILITY = YES;
				GCC_C_LANGUAGE_STANDARD = gnu11;
				GCC_DYNAMIC_NO_PIC = NO;
				GCC_NO_COMMON_BLOCKS = YES;
				GCC_OPTIMIZATION_LEVEL = 0;
				GCC_PREPROCESSOR_DEFINITIONS = (
					"DEBUG=1",
					"$(inherited)",
				);
				GCC_WARN_64_TO_32_BIT_CONVERSION = YES;
				GCC_WARN_ABOUT_RETURN_TYPE = YES_ERROR;
				GCC_WARN_UNDECLARED_SELECTOR = YES;
				GCC_WARN_UNINITIALIZED_AUTOS = YES_AGGRESSIVE;
				GCC_WARN_UNUSED_FUNCTION = YES;
				GCC_WARN_UNUSED_VARIABLE = YES;
				IPHONEOS_DEPLOYMENT_TARGET = 15.5;
				MTL_ENABLE_DEBUG_INFO = INCLUDE_SOURCE;
				MTL_FAST_MATH = YES;
				ONLY_ACTIVE_ARCH = YES;
				SDKROOT = iphoneos;
				SWIFT_ACTIVE_COMPILATION_CONDITIONS = DEBUG;
				SWIFT_OPTIMIZATION_LEVEL = "-Onone";
			};
			name = Debug;
		};
		23EFF2CB28B1D8FA00924F2D /* Release */ = {
			isa = XCBuildConfiguration;
			buildSettings = {
				ALWAYS_SEARCH_USER_PATHS = NO;
				CLANG_ANALYZER_NONNULL = YES;
				CLANG_ANALYZER_NUMBER_OBJECT_CONVERSION = YES_AGGRESSIVE;
				CLANG_CXX_LANGUAGE_STANDARD = "gnu++17";
				CLANG_ENABLE_MODULES = YES;
				CLANG_ENABLE_OBJC_ARC = YES;
				CLANG_ENABLE_OBJC_WEAK = YES;
				CLANG_WARN_BLOCK_CAPTURE_AUTORELEASING = YES;
				CLANG_WARN_BOOL_CONVERSION = YES;
				CLANG_WARN_COMMA = YES;
				CLANG_WARN_CONSTANT_CONVERSION = YES;
				CLANG_WARN_DEPRECATED_OBJC_IMPLEMENTATIONS = YES;
				CLANG_WARN_DIRECT_OBJC_ISA_USAGE = YES_ERROR;
				CLANG_WARN_DOCUMENTATION_COMMENTS = YES;
				CLANG_WARN_EMPTY_BODY = YES;
				CLANG_WARN_ENUM_CONVERSION = YES;
				CLANG_WARN_INFINITE_RECURSION = YES;
				CLANG_WARN_INT_CONVERSION = YES;
				CLANG_WARN_NON_LITERAL_NULL_CONVERSION = YES;
				CLANG_WARN_OBJC_IMPLICIT_RETAIN_SELF = YES;
				CLANG_WARN_OBJC_LITERAL_CONVERSION = YES;
				CLANG_WARN_OBJC_ROOT_CLASS = YES_ERROR;
				CLANG_WARN_QUOTED_INCLUDE_IN_FRAMEWORK_HEADER = YES;
				CLANG_WARN_RANGE_LOOP_ANALYSIS = YES;
				CLANG_WARN_STRICT_PROTOTYPES = YES;
				CLANG_WARN_SUSPICIOUS_MOVE = YES;
				CLANG_WARN_UNGUARDED_AVAILABILITY = YES_AGGRESSIVE;
				CLANG_WARN_UNREACHABLE_CODE = YES;
				CLANG_WARN__DUPLICATE_METHOD_MATCH = YES;
				COPY_PHASE_STRIP = NO;
				DEBUG_INFORMATION_FORMAT = "dwarf-with-dsym";
				ENABLE_NS_ASSERTIONS = NO;
				ENABLE_STRICT_OBJC_MSGSEND = YES;
				GCC_C_LANGUAGE_STANDARD = gnu11;
				GCC_NO_COMMON_BLOCKS = YES;
				GCC_WARN_64_TO_32_BIT_CONVERSION = YES;
				GCC_WARN_ABOUT_RETURN_TYPE = YES_ERROR;
				GCC_WARN_UNDECLARED_SELECTOR = YES;
				GCC_WARN_UNINITIALIZED_AUTOS = YES_AGGRESSIVE;
				GCC_WARN_UNUSED_FUNCTION = YES;
				GCC_WARN_UNUSED_VARIABLE = YES;
				IPHONEOS_DEPLOYMENT_TARGET = 15.5;
				MTL_ENABLE_DEBUG_INFO = NO;
				MTL_FAST_MATH = YES;
				SDKROOT = iphoneos;
				SWIFT_COMPILATION_MODE = wholemodule;
				SWIFT_OPTIMIZATION_LEVEL = "-O";
				VALIDATE_PRODUCT = YES;
			};
			name = Release;
		};
		23EFF2CD28B1D8FA00924F2D /* Debug */ = {
			isa = XCBuildConfiguration;
			buildSettings = {
				ASSETCATALOG_COMPILER_APPICON_NAME = AppIcon;
				ASSETCATALOG_COMPILER_GLOBAL_ACCENT_COLOR_NAME = AccentColor;
				CODE_SIGN_STYLE = Automatic;
				CURRENT_PROJECT_VERSION = 1;
				DEVELOPMENT_ASSET_PATHS = "\"gorevTakip/Preview Content\"";
				DEVELOPMENT_TEAM = 89VD7SL339;
				ENABLE_PREVIEWS = YES;
				GENERATE_INFOPLIST_FILE = YES;
				INFOPLIST_KEY_UIApplicationSceneManifest_Generation = YES;
				INFOPLIST_KEY_UIApplicationSupportsIndirectInputEvents = YES;
				INFOPLIST_KEY_UILaunchScreen_Generation = YES;
				INFOPLIST_KEY_UISupportedInterfaceOrientations_iPad = "UIInterfaceOrientationPortrait UIInterfaceOrientationPortraitUpsideDown UIInterfaceOrientationLandscapeLeft UIInterfaceOrientationLandscapeRight";
				INFOPLIST_KEY_UISupportedInterfaceOrientations_iPhone = "UIInterfaceOrientationPortrait UIInterfaceOrientationLandscapeLeft UIInterfaceOrientationLandscapeRight";
				LD_RUNPATH_SEARCH_PATHS = (
					"$(inherited)",
					"@executable_path/Frameworks",
				);
				MARKETING_VERSION = 1.0;
				PRODUCT_BUNDLE_IDENTIFIER = pixeldigitalart.co.gorevTakip;
				PRODUCT_NAME = "$(TARGET_NAME)";
				SWIFT_EMIT_LOC_STRINGS = YES;
				SWIFT_VERSION = 5.0;
				TARGETED_DEVICE_FAMILY = "1,2";
			};
			name = Debug;
		};
		23EFF2CE28B1D8FA00924F2D /* Release */ = {
			isa = XCBuildConfiguration;
			buildSettings = {
				ASSETCATALOG_COMPILER_APPICON_NAME = AppIcon;
				ASSETCATALOG_COMPILER_GLOBAL_ACCENT_COLOR_NAME = AccentColor;
				CODE_SIGN_STYLE = Automatic;
				CURRENT_PROJECT_VERSION = 1;
				DEVELOPMENT_ASSET_PATHS = "\"gorevTakip/Preview Content\"";
				DEVELOPMENT_TEAM = 89VD7SL339;
				ENABLE_PREVIEWS = YES;
				GENERATE_INFOPLIST_FILE = YES;
				INFOPLIST_KEY_UIApplicationSceneManifest_Generation = YES;
				INFOPLIST_KEY_UIApplicationSupportsIndirectInputEvents = YES;
				INFOPLIST_KEY_UILaunchScreen_Generation = YES;
				INFOPLIST_KEY_UISupportedInterfaceOrientations_iPad = "UIInterfaceOrientationPortrait UIInterfaceOrientationPortraitUpsideDown UIInterfaceOrientationLandscapeLeft UIInterfaceOrientationLandscapeRight";
				INFOPLIST_KEY_UISupportedInterfaceOrientations_iPhone = "UIInterfaceOrientationPortrait UIInterfaceOrientationLandscapeLeft UIInterfaceOrientationLandscapeRight";
				LD_RUNPATH_SEARCH_PATHS = (
					"$(inherited)",
					"@executable_path/Frameworks",
				);
				MARKETING_VERSION = 1.0;
				PRODUCT_BUNDLE_IDENTIFIER = pixeldigitalart.co.gorevTakip;
				PRODUCT_NAME = "$(TARGET_NAME)";
				SWIFT_EMIT_LOC_STRINGS = YES;
				SWIFT_VERSION = 5.0;
				TARGETED_DEVICE_FAMILY = "1,2";
			};
			name = Release;
		};
/* End XCBuildConfiguration section */

/* Begin XCConfigurationList section */
		23EFF2B428B1D8F900924F2D /* Build configuration list for PBXProject "gorevTakip" */ = {
			isa = XCConfigurationList;
			buildConfigurations = (
				23EFF2CA28B1D8FA00924F2D /* Debug */,
				23EFF2CB28B1D8FA00924F2D /* Release */,
			);
			defaultConfigurationIsVisible = 0;
			defaultConfigurationName = Release;
		};
		23EFF2CC28B1D8FA00924F2D /* Build configuration list for PBXNativeTarget "gorevTakip" */ = {
			isa = XCConfigurationList;
			buildConfigurations = (
				23EFF2CD28B1D8FA00924F2D /* Debug */,
				23EFF2CE28B1D8FA00924F2D /* Release */,
			);
			defaultConfigurationIsVisible = 0;
			defaultConfigurationName = Release;
		};
/* End XCConfigurationList section */

/* Begin XCVersionGroup section */
		23EFF2C728B1D8FA00924F2D /* gorevTakip.xcdatamodeld */ = {
			isa = XCVersionGroup;
			children = (
				23EFF2C828B1D8FA00924F2D /* gorevTakip.xcdatamodel */,
			);
			currentVersion = 23EFF2C828B1D8FA00924F2D /* gorevTakip.xcdatamodel */;
			path = gorevTakip.xcdatamodeld;
			sourceTree = "<group>";
			versionGroupType = wrapper.xcdatamodel;
		};
/* End XCVersionGroup section */
	};
	rootObject = 23EFF2B128B1D8F900924F2D /* Project object */;
}
