// !$*UTF8*$!
{
	archiveVersion = 1;
	classes = {
	};
	objectVersion = 55;
	objects = {

/* Begin PBXBuildFile section */
		23F5A18028B1D11D00800127 /* gorevTakipApp.swift in Sources */ = {isa = PBXBuildFile; fileRef = 23F5A17F28B1D11D00800127 /* gorevTakipApp.swift */; };
		23F5A18228B1D11D00800127 /* ContentView.swift in Sources */ = {isa = PBXBuildFile; fileRef = 23F5A18128B1D11D00800127 /* ContentView.swift */; };
		23F5A18428B1D11F00800127 /* Assets.xcassets in Resources */ = {isa = PBXBuildFile; fileRef = 23F5A18328B1D11F00800127 /* Assets.xcassets */; };
		23F5A18728B1D11F00800127 /* Preview Assets.xcassets in Resources */ = {isa = PBXBuildFile; fileRef = 23F5A18628B1D11F00800127 /* Preview Assets.xcassets */; };
		23F5A18928B1D11F00800127 /* Persistence.swift in Sources */ = {isa = PBXBuildFile; fileRef = 23F5A18828B1D11F00800127 /* Persistence.swift */; };
		23F5A18C28B1D11F00800127 /* gorevTakip.xcdatamodeld in Sources */ = {isa = PBXBuildFile; fileRef = 23F5A18A28B1D11F00800127 /* gorevTakip.xcdatamodeld */; };
		23F5A19628B1D11F00800127 /* gorevTakipTests.swift in Sources */ = {isa = PBXBuildFile; fileRef = 23F5A19528B1D11F00800127 /* gorevTakipTests.swift */; };
		23F5A1A028B1D11F00800127 /* gorevTakipUITests.swift in Sources */ = {isa = PBXBuildFile; fileRef = 23F5A19F28B1D11F00800127 /* gorevTakipUITests.swift */; };
		23F5A1A228B1D11F00800127 /* gorevTakipUITestsLaunchTests.swift in Sources */ = {isa = PBXBuildFile; fileRef = 23F5A1A128B1D11F00800127 /* gorevTakipUITestsLaunchTests.swift */; };
		23F5A1B128B1D35900800127 /* Home.swift in Sources */ = {isa = PBXBuildFile; fileRef = 23F5A1B028B1D35900800127 /* Home.swift */; };
/* End PBXBuildFile section */

/* Begin PBXContainerItemProxy section */
		23F5A19228B1D11F00800127 /* PBXContainerItemProxy */ = {
			isa = PBXContainerItemProxy;
			containerPortal = 23F5A17428B1D11D00800127 /* Project object */;
			proxyType = 1;
			remoteGlobalIDString = 23F5A17B28B1D11D00800127;
			remoteInfo = gorevTakip;
		};
		23F5A19C28B1D11F00800127 /* PBXContainerItemProxy */ = {
			isa = PBXContainerItemProxy;
			containerPortal = 23F5A17428B1D11D00800127 /* Project object */;
			proxyType = 1;
			remoteGlobalIDString = 23F5A17B28B1D11D00800127;
			remoteInfo = gorevTakip;
		};
/* End PBXContainerItemProxy section */

/* Begin PBXFileReference section */
		23F5A17C28B1D11D00800127 /* gorevTakip.app */ = {isa = PBXFileReference; explicitFileType = wrapper.application; includeInIndex = 0; path = gorevTakip.app; sourceTree = BUILT_PRODUCTS_DIR; };
		23F5A17F28B1D11D00800127 /* gorevTakipApp.swift */ = {isa = PBXFileReference; lastKnownFileType = sourcecode.swift; path = gorevTakipApp.swift; sourceTree = "<group>"; };
		23F5A18128B1D11D00800127 /* ContentView.swift */ = {isa = PBXFileReference; lastKnownFileType = sourcecode.swift; path = ContentView.swift; sourceTree = "<group>"; };
		23F5A18328B1D11F00800127 /* Assets.xcassets */ = {isa = PBXFileReference; lastKnownFileType = folder.assetcatalog; path = Assets.xcassets; sourceTree = "<group>"; };
		23F5A18628B1D11F00800127 /* Preview Assets.xcassets */ = {isa = PBXFileReference; lastKnownFileType = folder.assetcatalog; path = "Preview Assets.xcassets"; sourceTree = "<group>"; };
		23F5A18828B1D11F00800127 /* Persistence.swift */ = {isa = PBXFileReference; lastKnownFileType = sourcecode.swift; path = Persistence.swift; sourceTree = "<group>"; };
		23F5A18B28B1D11F00800127 /* gorevTakip.xcdatamodel */ = {isa = PBXFileReference; lastKnownFileType = wrapper.xcdatamodel; path = gorevTakip.xcdatamodel; sourceTree = "<group>"; };
		23F5A19128B1D11F00800127 /* gorevTakipTests.xctest */ = {isa = PBXFileReference; explicitFileType = wrapper.cfbundle; includeInIndex = 0; path = gorevTakipTests.xctest; sourceTree = BUILT_PRODUCTS_DIR; };
		23F5A19528B1D11F00800127 /* gorevTakipTests.swift */ = {isa = PBXFileReference; lastKnownFileType = sourcecode.swift; path = gorevTakipTests.swift; sourceTree = "<group>"; };
		23F5A19B28B1D11F00800127 /* gorevTakipUITests.xctest */ = {isa = PBXFileReference; explicitFileType = wrapper.cfbundle; includeInIndex = 0; path = gorevTakipUITests.xctest; sourceTree = BUILT_PRODUCTS_DIR; };
		23F5A19F28B1D11F00800127 /* gorevTakipUITests.swift */ = {isa = PBXFileReference; lastKnownFileType = sourcecode.swift; path = gorevTakipUITests.swift; sourceTree = "<group>"; };
		23F5A1A128B1D11F00800127 /* gorevTakipUITestsLaunchTests.swift */ = {isa = PBXFileReference; lastKnownFileType = sourcecode.swift; path = gorevTakipUITestsLaunchTests.swift; sourceTree = "<group>"; };
		23F5A1B028B1D35900800127 /* Home.swift */ = {isa = PBXFileReference; lastKnownFileType = sourcecode.swift; path = Home.swift; sourceTree = "<group>"; };
/* End PBXFileReference section */

/* Begin PBXFrameworksBuildPhase section */
		23F5A17928B1D11D00800127 /* Frameworks */ = {
			isa = PBXFrameworksBuildPhase;
			buildActionMask = 2147483647;
			files = (
			);
			runOnlyForDeploymentPostprocessing = 0;
		};
		23F5A18E28B1D11F00800127 /* Frameworks */ = {
			isa = PBXFrameworksBuildPhase;
			buildActionMask = 2147483647;
			files = (
			);
			runOnlyForDeploymentPostprocessing = 0;
		};
		23F5A19828B1D11F00800127 /* Frameworks */ = {
			isa = PBXFrameworksBuildPhase;
			buildActionMask = 2147483647;
			files = (
			);
			runOnlyForDeploymentPostprocessing = 0;
		};
/* End PBXFrameworksBuildPhase section */

/* Begin PBXGroup section */
		23F5A17328B1D11D00800127 = {
			isa = PBXGroup;
			children = (
				23F5A17E28B1D11D00800127 /* gorevTakip */,
				23F5A19428B1D11F00800127 /* gorevTakipTests */,
				23F5A19E28B1D11F00800127 /* gorevTakipUITests */,
				23F5A17D28B1D11D00800127 /* Products */,
			);
			sourceTree = "<group>";
		};
		23F5A17D28B1D11D00800127 /* Products */ = {
			isa = PBXGroup;
			children = (
				23F5A17C28B1D11D00800127 /* gorevTakip.app */,
				23F5A19128B1D11F00800127 /* gorevTakipTests.xctest */,
				23F5A19B28B1D11F00800127 /* gorevTakipUITests.xctest */,
			);
			name = Products;
			sourceTree = "<group>";
		};
		23F5A17E28B1D11D00800127 /* gorevTakip */ = {
			isa = PBXGroup;
			children = (
				23F5A1AF28B1D32E00800127 /* ViewModel */,
				23F5A1AE28B1D31F00800127 /* View */,
				23F5A17F28B1D11D00800127 /* gorevTakipApp.swift */,
				23F5A18128B1D11D00800127 /* ContentView.swift */,
				23F5A18328B1D11F00800127 /* Assets.xcassets */,
				23F5A18828B1D11F00800127 /* Persistence.swift */,
				23F5A18A28B1D11F00800127 /* gorevTakip.xcdatamodeld */,
				23F5A18528B1D11F00800127 /* Preview Content */,
			);
			path = gorevTakip;
			sourceTree = "<group>";
		};
		23F5A18528B1D11F00800127 /* Preview Content */ = {
			isa = PBXGroup;
			children = (
				23F5A18628B1D11F00800127 /* Preview Assets.xcassets */,
			);
			path = "Preview Content";
			sourceTree = "<group>";
		};
		23F5A19428B1D11F00800127 /* gorevTakipTests */ = {
			isa = PBXGroup;
			children = (
				23F5A19528B1D11F00800127 /* gorevTakipTests.swift */,
			);
			path = gorevTakipTests;
			sourceTree = "<group>";
		};
		23F5A19E28B1D11F00800127 /* gorevTakipUITests */ = {
			isa = PBXGroup;
			children = (
				23F5A19F28B1D11F00800127 /* gorevTakipUITests.swift */,
				23F5A1A128B1D11F00800127 /* gorevTakipUITestsLaunchTests.swift */,
			);
			path = gorevTakipUITests;
			sourceTree = "<group>";
		};
		23F5A1AE28B1D31F00800127 /* View */ = {
			isa = PBXGroup;
			children = (
				23F5A1B028B1D35900800127 /* Home.swift */,
			);
			path = View;
			sourceTree = "<group>";
		};
		23F5A1AF28B1D32E00800127 /* ViewModel */ = {
			isa = PBXGroup;
			children = (
			);
			path = ViewModel;
			sourceTree = "<group>";
		};
/* End PBXGroup section */

/* Begin PBXNativeTarget section */
		23F5A17B28B1D11D00800127 /* gorevTakip */ = {
			isa = PBXNativeTarget;
			buildConfigurationList = 23F5A1A528B1D11F00800127 /* Build configuration list for PBXNativeTarget "gorevTakip" */;
			buildPhases = (
				23F5A17828B1D11D00800127 /* Sources */,
				23F5A17928B1D11D00800127 /* Frameworks */,
				23F5A17A28B1D11D00800127 /* Resources */,
			);
			buildRules = (
			);
			dependencies = (
			);
			name = gorevTakip;
			productName = gorevTakip;
			productReference = 23F5A17C28B1D11D00800127 /* gorevTakip.app */;
			productType = "com.apple.product-type.application";
		};
		23F5A19028B1D11F00800127 /* gorevTakipTests */ = {
			isa = PBXNativeTarget;
			buildConfigurationList = 23F5A1A828B1D11F00800127 /* Build configuration list for PBXNativeTarget "gorevTakipTests" */;
			buildPhases = (
				23F5A18D28B1D11F00800127 /* Sources */,
				23F5A18E28B1D11F00800127 /* Frameworks */,
				23F5A18F28B1D11F00800127 /* Resources */,
			);
			buildRules = (
			);
			dependencies = (
				23F5A19328B1D11F00800127 /* PBXTargetDependency */,
			);
			name = gorevTakipTests;
			productName = gorevTakipTests;
			productReference = 23F5A19128B1D11F00800127 /* gorevTakipTests.xctest */;
			productType = "com.apple.product-type.bundle.unit-test";
		};
		23F5A19A28B1D11F00800127 /* gorevTakipUITests */ = {
			isa = PBXNativeTarget;
			buildConfigurationList = 23F5A1AB28B1D11F00800127 /* Build configuration list for PBXNativeTarget "gorevTakipUITests" */;
			buildPhases = (
				23F5A19728B1D11F00800127 /* Sources */,
				23F5A19828B1D11F00800127 /* Frameworks */,
				23F5A19928B1D11F00800127 /* Resources */,
			);
			buildRules = (
			);
			dependencies = (
				23F5A19D28B1D11F00800127 /* PBXTargetDependency */,
			);
			name = gorevTakipUITests;
			productName = gorevTakipUITests;
			productReference = 23F5A19B28B1D11F00800127 /* gorevTakipUITests.xctest */;
			productType = "com.apple.product-type.bundle.ui-testing";
		};
/* End PBXNativeTarget section */

/* Begin PBXProject section */
		23F5A17428B1D11D00800127 /* Project object */ = {
			isa = PBXProject;
			attributes = {
				BuildIndependentTargetsInParallel = 1;
				LastSwiftUpdateCheck = 1340;
				LastUpgradeCheck = 1340;
				TargetAttributes = {
					23F5A17B28B1D11D00800127 = {
						CreatedOnToolsVersion = 13.4.1;
					};
					23F5A19028B1D11F00800127 = {
						CreatedOnToolsVersion = 13.4.1;
						TestTargetID = 23F5A17B28B1D11D00800127;
					};
					23F5A19A28B1D11F00800127 = {
						CreatedOnToolsVersion = 13.4.1;
						TestTargetID = 23F5A17B28B1D11D00800127;
					};
				};
			};
			buildConfigurationList = 23F5A17728B1D11D00800127 /* Build configuration list for PBXProject "gorevTakip" */;
			compatibilityVersion = "Xcode 13.0";
			developmentRegion = en;
			hasScannedForEncodings = 0;
			knownRegions = (
				en,
				Base,
			);
			mainGroup = 23F5A17328B1D11D00800127;
			productRefGroup = 23F5A17D28B1D11D00800127 /* Products */;
			projectDirPath = "";
			projectRoot = "";
			targets = (
				23F5A17B28B1D11D00800127 /* gorevTakip */,
				23F5A19028B1D11F00800127 /* gorevTakipTests */,
				23F5A19A28B1D11F00800127 /* gorevTakipUITests */,
			);
		};
/* End PBXProject section */

/* Begin PBXResourcesBuildPhase section */
		23F5A17A28B1D11D00800127 /* Resources */ = {
			isa = PBXResourcesBuildPhase;
			buildActionMask = 2147483647;
			files = (
				23F5A18728B1D11F00800127 /* Preview Assets.xcassets in Resources */,
				23F5A18428B1D11F00800127 /* Assets.xcassets in Resources */,
			);
			runOnlyForDeploymentPostprocessing = 0;
		};
		23F5A18F28B1D11F00800127 /* Resources */ = {
			isa = PBXResourcesBuildPhase;
			buildActionMask = 2147483647;
			files = (
			);
			runOnlyForDeploymentPostprocessing = 0;
		};
		23F5A19928B1D11F00800127 /* Resources */ = {
			isa = PBXResourcesBuildPhase;
			buildActionMask = 2147483647;
			files = (
			);
			runOnlyForDeploymentPostprocessing = 0;
		};
/* End PBXResourcesBuildPhase section */

/* Begin PBXSourcesBuildPhase section */
		23F5A17828B1D11D00800127 /* Sources */ = {
			isa = PBXSourcesBuildPhase;
			buildActionMask = 2147483647;
			files = (
				23F5A18928B1D11F00800127 /* Persistence.swift in Sources */,
				23F5A18228B1D11D00800127 /* ContentView.swift in Sources */,
				23F5A1B128B1D35900800127 /* Home.swift in Sources */,
				23F5A18028B1D11D00800127 /* gorevTakipApp.swift in Sources */,
				23F5A18C28B1D11F00800127 /* gorevTakip.xcdatamodeld in Sources */,
			);
			runOnlyForDeploymentPostprocessing = 0;
		};
		23F5A18D28B1D11F00800127 /* Sources */ = {
			isa = PBXSourcesBuildPhase;
			buildActionMask = 2147483647;
			files = (
				23F5A19628B1D11F00800127 /* gorevTakipTests.swift in Sources */,
			);
			runOnlyForDeploymentPostprocessing = 0;
		};
		23F5A19728B1D11F00800127 /* Sources */ = {
			isa = PBXSourcesBuildPhase;
			buildActionMask = 2147483647;
			files = (
				23F5A1A228B1D11F00800127 /* gorevTakipUITestsLaunchTests.swift in Sources */,
				23F5A1A028B1D11F00800127 /* gorevTakipUITests.swift in Sources */,
			);
			runOnlyForDeploymentPostprocessing = 0;
		};
/* End PBXSourcesBuildPhase section */

/* Begin PBXTargetDependency section */
		23F5A19328B1D11F00800127 /* PBXTargetDependency */ = {
			isa = PBXTargetDependency;
			target = 23F5A17B28B1D11D00800127 /* gorevTakip */;
			targetProxy = 23F5A19228B1D11F00800127 /* PBXContainerItemProxy */;
		};
		23F5A19D28B1D11F00800127 /* PBXTargetDependency */ = {
			isa = PBXTargetDependency;
			target = 23F5A17B28B1D11D00800127 /* gorevTakip */;
			targetProxy = 23F5A19C28B1D11F00800127 /* PBXContainerItemProxy */;
		};
/* End PBXTargetDependency section */

/* Begin XCBuildConfiguration section */
		23F5A1A328B1D11F00800127 /* Debug */ = {
			isa = XCBuildConfiguration;
			buildSettings = {
				ALWAYS_SEARCH_USER_PATHS = NO;
				CLANG_ANALYZER_NONNULL = YES;
				CLANG_ANALYZER_NUMBER_OBJECT_CONVERSION = YES_AGGRESSIVE;
				CLANG_CXX_LANGUAGE_STANDARD = "gnu++17";
				CLANG_ENABLE_MODULES = YES;
				CLANG_ENABLE_OBJC_ARC = YES;
				CLANG_ENABLE_OBJC_WEAK = YES;
				CLANG_WARN_BLOCK_CAPTURE_AUTORELEASING = YES;
				CLANG_WARN_BOOL_CONVERSION = YES;
				CLANG_WARN_COMMA = YES;
				CLANG_WARN_CONSTANT_CONVERSION = YES;
				CLANG_WARN_DEPRECATED_OBJC_IMPLEMENTATIONS = YES;
				CLANG_WARN_DIRECT_OBJC_ISA_USAGE = YES_ERROR;
				CLANG_WARN_DOCUMENTATION_COMMENTS = YES;
				CLANG_WARN_EMPTY_BODY = YES;
				CLANG_WARN_ENUM_CONVERSION = YES;
				CLANG_WARN_INFINITE_RECURSION = YES;
				CLANG_WARN_INT_CONVERSION = YES;
				CLANG_WARN_NON_LITERAL_NULL_CONVERSION = YES;
				CLANG_WARN_OBJC_IMPLICIT_RETAIN_SELF = YES;
				CLANG_WARN_OBJC_LITERAL_CONVERSION = YES;
				CLANG_WARN_OBJC_ROOT_CLASS = YES_ERROR;
				CLANG_WARN_QUOTED_INCLUDE_IN_FRAMEWORK_HEADER = YES;
				CLANG_WARN_RANGE_LOOP_ANALYSIS = YES;
				CLANG_WARN_STRICT_PROTOTYPES = YES;
				CLANG_WARN_SUSPICIOUS_MOVE = YES;
				CLANG_WARN_UNGUARDED_AVAILABILITY = YES_AGGRESSIVE;
				CLANG_WARN_UNREACHABLE_CODE = YES;
				CLANG_WARN__DUPLICATE_METHOD_MATCH = YES;
				COPY_PHASE_STRIP = NO;
				DEBUG_INFORMATION_FORMAT = dwarf;
				ENABLE_STRICT_OBJC_MSGSEND = YES;
				ENABLE_TESTABILITY = YES;
				GCC_C_LANGUAGE_STANDARD = gnu11;
				GCC_DYNAMIC_NO_PIC = NO;
				GCC_NO_COMMON_BLOCKS = YES;
				GCC_OPTIMIZATION_LEVEL = 0;
				GCC_PREPROCESSOR_DEFINITIONS = (
					"DEBUG=1",
					"$(inherited)",
				);
				GCC_WARN_64_TO_32_BIT_CONVERSION = YES;
				GCC_WARN_ABOUT_RETURN_TYPE = YES_ERROR;
				GCC_WARN_UNDECLARED_SELECTOR = YES;
				GCC_WARN_UNINITIALIZED_AUTOS = YES_AGGRESSIVE;
				GCC_WARN_UNUSED_FUNCTION = YES;
				GCC_WARN_UNUSED_VARIABLE = YES;
				IPHONEOS_DEPLOYMENT_TARGET = 15.5;
				MTL_ENABLE_DEBUG_INFO = INCLUDE_SOURCE;
				MTL_FAST_MATH = YES;
				ONLY_ACTIVE_ARCH = YES;
				SDKROOT = iphoneos;
				SWIFT_ACTIVE_COMPILATION_CONDITIONS = DEBUG;
				SWIFT_OPTIMIZATION_LEVEL = "-Onone";
			};
			name = Debug;
		};
		23F5A1A428B1D11F00800127 /* Release */ = {
			isa = XCBuildConfiguration;
			buildSettings = {
				ALWAYS_SEARCH_USER_PATHS = NO;
				CLANG_ANALYZER_NONNULL = YES;
				CLANG_ANALYZER_NUMBER_OBJECT_CONVERSION = YES_AGGRESSIVE;
				CLANG_CXX_LANGUAGE_STANDARD = "gnu++17";
				CLANG_ENABLE_MODULES = YES;
				CLANG_ENABLE_OBJC_ARC = YES;
				CLANG_ENABLE_OBJC_WEAK = YES;
				CLANG_WARN_BLOCK_CAPTURE_AUTORELEASING = YES;
				CLANG_WARN_BOOL_CONVERSION = YES;
				CLANG_WARN_COMMA = YES;
				CLANG_WARN_CONSTANT_CONVERSION = YES;
				CLANG_WARN_DEPRECATED_OBJC_IMPLEMENTATIONS = YES;
				CLANG_WARN_DIRECT_OBJC_ISA_USAGE = YES_ERROR;
				CLANG_WARN_DOCUMENTATION_COMMENTS = YES;
				CLANG_WARN_EMPTY_BODY = YES;
				CLANG_WARN_ENUM_CONVERSION = YES;
				CLANG_WARN_INFINITE_RECURSION = YES;
				CLANG_WARN_INT_CONVERSION = YES;
				CLANG_WARN_NON_LITERAL_NULL_CONVERSION = YES;
				CLANG_WARN_OBJC_IMPLICIT_RETAIN_SELF = YES;
				CLANG_WARN_OBJC_LITERAL_CONVERSION = YES;
				CLANG_WARN_OBJC_ROOT_CLASS = YES_ERROR;
				CLANG_WARN_QUOTED_INCLUDE_IN_FRAMEWORK_HEADER = YES;
				CLANG_WARN_RANGE_LOOP_ANALYSIS = YES;
				CLANG_WARN_STRICT_PROTOTYPES = YES;
				CLANG_WARN_SUSPICIOUS_MOVE = YES;
				CLANG_WARN_UNGUARDED_AVAILABILITY = YES_AGGRESSIVE;
				CLANG_WARN_UNREACHABLE_CODE = YES;
				CLANG_WARN__DUPLICATE_METHOD_MATCH = YES;
				COPY_PHASE_STRIP = NO;
				DEBUG_INFORMATION_FORMAT = "dwarf-with-dsym";
				ENABLE_NS_ASSERTIONS = NO;
				ENABLE_STRICT_OBJC_MSGSEND = YES;
				GCC_C_LANGUAGE_STANDARD = gnu11;
				GCC_NO_COMMON_BLOCKS = YES;
				GCC_WARN_64_TO_32_BIT_CONVERSION = YES;
				GCC_WARN_ABOUT_RETURN_TYPE = YES_ERROR;
				GCC_WARN_UNDECLARED_SELECTOR = YES;
				GCC_WARN_UNINITIALIZED_AUTOS = YES_AGGRESSIVE;
				GCC_WARN_UNUSED_FUNCTION = YES;
				GCC_WARN_UNUSED_VARIABLE = YES;
				IPHONEOS_DEPLOYMENT_TARGET = 15.5;
				MTL_ENABLE_DEBUG_INFO = NO;
				MTL_FAST_MATH = YES;
				SDKROOT = iphoneos;
				SWIFT_COMPILATION_MODE = wholemodule;
				SWIFT_OPTIMIZATION_LEVEL = "-O";
				VALIDATE_PRODUCT = YES;
			};
			name = Release;
		};
		23F5A1A628B1D11F00800127 /* Debug */ = {
			isa = XCBuildConfiguration;
			buildSettings = {
				ASSETCATALOG_COMPILER_APPICON_NAME = AppIcon;
				ASSETCATALOG_COMPILER_GLOBAL_ACCENT_COLOR_NAME = AccentColor;
				CODE_SIGN_STYLE = Automatic;
				CURRENT_PROJECT_VERSION = 1;
				DEVELOPMENT_ASSET_PATHS = "\"gorevTakip/Preview Content\"";
				DEVELOPMENT_TEAM = 89VD7SL339;
				ENABLE_PREVIEWS = YES;
				GENERATE_INFOPLIST_FILE = YES;
				INFOPLIST_KEY_UIApplicationSceneManifest_Generation = YES;
				INFOPLIST_KEY_UIApplicationSupportsIndirectInputEvents = YES;
				INFOPLIST_KEY_UILaunchScreen_Generation = YES;
				INFOPLIST_KEY_UISupportedInterfaceOrientations_iPad = "UIInterfaceOrientationPortrait UIInterfaceOrientationPortraitUpsideDown UIInterfaceOrientationLandscapeLeft UIInterfaceOrientationLandscapeRight";
				INFOPLIST_KEY_UISupportedInterfaceOrientations_iPhone = "UIInterfaceOrientationPortrait UIInterfaceOrientationLandscapeLeft UIInterfaceOrientationLandscapeRight";
				LD_RUNPATH_SEARCH_PATHS = (
					"$(inherited)",
					"@executable_path/Frameworks",
				);
				MARKETING_VERSION = 1.0;
				PRODUCT_BUNDLE_IDENTIFIER = pixeldigitalart.co.gorevTakip;
				PRODUCT_NAME = "$(TARGET_NAME)";
				SWIFT_EMIT_LOC_STRINGS = YES;
				SWIFT_VERSION = 5.0;
				TARGETED_DEVICE_FAMILY = "1,2";
			};
			name = Debug;
		};
		23F5A1A728B1D11F00800127 /* Release */ = {
			isa = XCBuildConfiguration;
			buildSettings = {
				ASSETCATALOG_COMPILER_APPICON_NAME = AppIcon;
				ASSETCATALOG_COMPILER_GLOBAL_ACCENT_COLOR_NAME = AccentColor;
				CODE_SIGN_STYLE = Automatic;
				CURRENT_PROJECT_VERSION = 1;
				DEVELOPMENT_ASSET_PATHS = "\"gorevTakip/Preview Content\"";
				DEVELOPMENT_TEAM = 89VD7SL339;
				ENABLE_PREVIEWS = YES;
				GENERATE_INFOPLIST_FILE = YES;
				INFOPLIST_KEY_UIApplicationSceneManifest_Generation = YES;
				INFOPLIST_KEY_UIApplicationSupportsIndirectInputEvents = YES;
				INFOPLIST_KEY_UILaunchScreen_Generation = YES;
				INFOPLIST_KEY_UISupportedInterfaceOrientations_iPad = "UIInterfaceOrientationPortrait UIInterfaceOrientationPortraitUpsideDown UIInterfaceOrientationLandscapeLeft UIInterfaceOrientationLandscapeRight";
				INFOPLIST_KEY_UISupportedInterfaceOrientations_iPhone = "UIInterfaceOrientationPortrait UIInterfaceOrientationLandscapeLeft UIInterfaceOrientationLandscapeRight";
				LD_RUNPATH_SEARCH_PATHS = (
					"$(inherited)",
					"@executable_path/Frameworks",
				);
				MARKETING_VERSION = 1.0;
				PRODUCT_BUNDLE_IDENTIFIER = pixeldigitalart.co.gorevTakip;
				PRODUCT_NAME = "$(TARGET_NAME)";
				SWIFT_EMIT_LOC_STRINGS = YES;
				SWIFT_VERSION = 5.0;
				TARGETED_DEVICE_FAMILY = "1,2";
			};
			name = Release;
		};
		23F5A1A928B1D11F00800127 /* Debug */ = {
			isa = XCBuildConfiguration;
			buildSettings = {
				ALWAYS_EMBED_SWIFT_STANDARD_LIBRARIES = YES;
				BUNDLE_LOADER = "$(TEST_HOST)";
				CODE_SIGN_STYLE = Automatic;
				CURRENT_PROJECT_VERSION = 1;
				DEVELOPMENT_TEAM = 89VD7SL339;
				GENERATE_INFOPLIST_FILE = YES;
				IPHONEOS_DEPLOYMENT_TARGET = 15.5;
				MARKETING_VERSION = 1.0;
				PRODUCT_BUNDLE_IDENTIFIER = pixeldigitalart.co.gorevTakipTests;
				PRODUCT_NAME = "$(TARGET_NAME)";
				SWIFT_EMIT_LOC_STRINGS = NO;
				SWIFT_VERSION = 5.0;
				TARGETED_DEVICE_FAMILY = "1,2";
				TEST_HOST = "$(BUILT_PRODUCTS_DIR)/gorevTakip.app/gorevTakip";
			};
			name = Debug;
		};
		23F5A1AA28B1D11F00800127 /* Release */ = {
			isa = XCBuildConfiguration;
			buildSettings = {
				ALWAYS_EMBED_SWIFT_STANDARD_LIBRARIES = YES;
				BUNDLE_LOADER = "$(TEST_HOST)";
				CODE_SIGN_STYLE = Automatic;
				CURRENT_PROJECT_VERSION = 1;
				DEVELOPMENT_TEAM = 89VD7SL339;
				GENERATE_INFOPLIST_FILE = YES;
				IPHONEOS_DEPLOYMENT_TARGET = 15.5;
				MARKETING_VERSION = 1.0;
				PRODUCT_BUNDLE_IDENTIFIER = pixeldigitalart.co.gorevTakipTests;
				PRODUCT_NAME = "$(TARGET_NAME)";
				SWIFT_EMIT_LOC_STRINGS = NO;
				SWIFT_VERSION = 5.0;
				TARGETED_DEVICE_FAMILY = "1,2";
				TEST_HOST = "$(BUILT_PRODUCTS_DIR)/gorevTakip.app/gorevTakip";
			};
			name = Release;
		};
		23F5A1AC28B1D11F00800127 /* Debug */ = {
			isa = XCBuildConfiguration;
			buildSettings = {
				ALWAYS_EMBED_SWIFT_STANDARD_LIBRARIES = YES;
				CODE_SIGN_STYLE = Automatic;
				CURRENT_PROJECT_VERSION = 1;
				DEVELOPMENT_TEAM = 89VD7SL339;
				GENERATE_INFOPLIST_FILE = YES;
				MARKETING_VERSION = 1.0;
				PRODUCT_BUNDLE_IDENTIFIER = pixeldigitalart.co.gorevTakipUITests;
				PRODUCT_NAME = "$(TARGET_NAME)";
				SWIFT_EMIT_LOC_STRINGS = NO;
				SWIFT_VERSION = 5.0;
				TARGETED_DEVICE_FAMILY = "1,2";
				TEST_TARGET_NAME = gorevTakip;
			};
			name = Debug;
		};
		23F5A1AD28B1D11F00800127 /* Release */ = {
			isa = XCBuildConfiguration;
			buildSettings = {
				ALWAYS_EMBED_SWIFT_STANDARD_LIBRARIES = YES;
				CODE_SIGN_STYLE = Automatic;
				CURRENT_PROJECT_VERSION = 1;
				DEVELOPMENT_TEAM = 89VD7SL339;
				GENERATE_INFOPLIST_FILE = YES;
				MARKETING_VERSION = 1.0;
				PRODUCT_BUNDLE_IDENTIFIER = pixeldigitalart.co.gorevTakipUITests;
				PRODUCT_NAME = "$(TARGET_NAME)";
				SWIFT_EMIT_LOC_STRINGS = NO;
				SWIFT_VERSION = 5.0;
				TARGETED_DEVICE_FAMILY = "1,2";
				TEST_TARGET_NAME = gorevTakip;
			};
			name = Release;
		};
/* End XCBuildConfiguration section */

/* Begin XCConfigurationList section */
		23F5A17728B1D11D00800127 /* Build configuration list for PBXProject "gorevTakip" */ = {
			isa = XCConfigurationList;
			buildConfigurations = (
				23F5A1A328B1D11F00800127 /* Debug */,
				23F5A1A428B1D11F00800127 /* Release */,
			);
			defaultConfigurationIsVisible = 0;
			defaultConfigurationName = Release;
		};
		23F5A1A528B1D11F00800127 /* Build configuration list for PBXNativeTarget "gorevTakip" */ = {
			isa = XCConfigurationList;
			buildConfigurations = (
				23F5A1A628B1D11F00800127 /* Debug */,
				23F5A1A728B1D11F00800127 /* Release */,
			);
			defaultConfigurationIsVisible = 0;
			defaultConfigurationName = Release;
		};
		23F5A1A828B1D11F00800127 /* Build configuration list for PBXNativeTarget "gorevTakipTests" */ = {
			isa = XCConfigurationList;
			buildConfigurations = (
				23F5A1A928B1D11F00800127 /* Debug */,
				23F5A1AA28B1D11F00800127 /* Release */,
			);
			defaultConfigurationIsVisible = 0;
			defaultConfigurationName = Release;
		};
		23F5A1AB28B1D11F00800127 /* Build configuration list for PBXNativeTarget "gorevTakipUITests" */ = {
			isa = XCConfigurationList;
			buildConfigurations = (
				23F5A1AC28B1D11F00800127 /* Debug */,
				23F5A1AD28B1D11F00800127 /* Release */,
			);
			defaultConfigurationIsVisible = 0;
			defaultConfigurationName = Release;
		};
/* End XCConfigurationList section */

/* Begin XCVersionGroup section */
		23F5A18A28B1D11F00800127 /* gorevTakip.xcdatamodeld */ = {
			isa = XCVersionGroup;
			children = (
				23F5A18B28B1D11F00800127 /* gorevTakip.xcdatamodel */,
			);
			currentVersion = 23F5A18B28B1D11F00800127 /* gorevTakip.xcdatamodel */;
			path = gorevTakip.xcdatamodeld;
			sourceTree = "<group>";
			versionGroupType = wrapper.xcdatamodel;
		};
/* End XCVersionGroup section */
	};
	rootObject = 23F5A17428B1D11D00800127 /* Project object */;
}
